
Microsoft Visual Studio Solution File, Format Version 12.00
# Visual Studio Version 17
VisualStudioVersion = 17.0.32014.148
MinimumVisualStudioVersion = 10.0.40219.1
Project("{FAE04EC0-301F-11D3-BF4B-00C04F79EFBC}") = "Better079", "Better079\Better079.csproj", "{999D8C70-5476-418E-BA96-D0BFE90DC6E8}"
EndProject
Global
	GlobalSection(SolutionConfigurationPlatforms) = preSolution
		Debug|Any CPU = Debug|Any CPU
		Release|Any CPU = Release|Any CPU
	EndGlobalSection
	GlobalSection(ProjectConfigurationPlatforms) = postSolution
		{999D8C70-5476-418E-BA96-D0BFE90DC6E8}.Debug|Any CPU.ActiveCfg = Debug|Any CPU
		{999D8C70-5476-418E-BA96-D0BFE90DC6E8}.Debug|Any CPU.Build.0 = Debug|Any CPU
		{999D8C70-5476-418E-BA96-D0BFE90DC6E8}.Release|Any CPU.ActiveCfg = Release|Any CPU
		{999D8C70-5476-418E-BA96-D0BFE90DC6E8}.Release|Any CPU.Build.0 = Release|Any CPU
	EndGlobalSection
	GlobalSection(SolutionProperties) = preSolution
		HideSolutionNode = FALSE
	EndGlobalSection
	GlobalSection(ExtensibilityGlobals) = postSolution
		SolutionGuid = {DD83BE60-91F7-47FA-B1AE-6DF298EFF6A4}
	EndGlobalSection
EndGlobal
